
Microsoft Visual Studio Solution File, Format Version 12.00
# Visual Studio 15
VisualStudioVersion = 15.0.28307.572
MinimumVisualStudioVersion = 10.0.40219.1
Project("{F184B08F-C81C-45F6-A57F-5ABD9991F28F}") = "FitnessTrackerProject", "FitnessTrackerProject\FitnessTrackerProject.vbproj", "{DCB6A103-FC56-44C8-985A-1CBC1D85E544}"
EndProject
Global
	GlobalSection(SolutionConfigurationPlatforms) = preSolution
		Debug|Any CPU = Debug|Any CPU
		Release|Any CPU = Release|Any CPU
	EndGlobalSection
	GlobalSection(ProjectConfigurationPlatforms) = postSolution
		{DCB6A103-FC56-44C8-985A-1CBC1D85E544}.Debug|Any CPU.ActiveCfg = Debug|Any CPU
		{DCB6A103-FC56-44C8-985A-1CBC1D85E544}.Debug|Any CPU.Build.0 = Debug|Any CPU
		{DCB6A103-FC56-44C8-985A-1CBC1D85E544}.Release|Any CPU.ActiveCfg = Release|Any CPU
		{DCB6A103-FC56-44C8-985A-1CBC1D85E544}.Release|Any CPU.Build.0 = Release|Any CPU
	EndGlobalSection
	GlobalSection(SolutionProperties) = preSolution
		HideSolutionNode = FALSE
	EndGlobalSection
	GlobalSection(ExtensibilityGlobals) = postSolution
		SolutionGuid = {21B26128-697E-4423-827F-C15F511D69D1}
	EndGlobalSection
EndGlobal
